// !$*UTF8*$!
{
	archiveVersion = 1;
	classes = {
	};
	objectVersion = 56;
	objects = {

/* Begin PBXBuildFile section */
		E95A81032A6452A500242FCE /* booksApp.swift in Sources */ = {isa = PBXBuildFile; fileRef = E95A81022A6452A500242FCE /* booksApp.swift */; };
		E95A81052A6452A500242FCE /* ContentView.swift in Sources */ = {isa = PBXBuildFile; fileRef = E95A81042A6452A500242FCE /* ContentView.swift */; };
		E95A81072A6452A900242FCE /* Assets.xcassets in Resources */ = {isa = PBXBuildFile; fileRef = E95A81062A6452A900242FCE /* Assets.xcassets */; };
		E95A810A2A6452A900242FCE /* Preview Assets.xcassets in Resources */ = {isa = PBXBuildFile; fileRef = E95A81092A6452A900242FCE /* Preview Assets.xcassets */; };
		E95A81142A6452A900242FCE /* booksTests.swift in Sources */ = {isa = PBXBuildFile; fileRef = E95A81132A6452A900242FCE /* booksTests.swift */; };
		E95A811E2A6452A900242FCE /* booksUITests.swift in Sources */ = {isa = PBXBuildFile; fileRef = E95A811D2A6452A900242FCE /* booksUITests.swift */; };
		E95A81202A6452A900242FCE /* booksUITestsLaunchTests.swift in Sources */ = {isa = PBXBuildFile; fileRef = E95A811F2A6452A900242FCE /* booksUITestsLaunchTests.swift */; };
		E95A812D2A6453FB00242FCE /* GoogleService-Info.plist in Resources */ = {isa = PBXBuildFile; fileRef = E95A812C2A6453FB00242FCE /* GoogleService-Info.plist */; };
		E95A81302A64554300242FCE /* FirebaseAnalytics in Frameworks */ = {isa = PBXBuildFile; productRef = E95A812F2A64554300242FCE /* FirebaseAnalytics */; };
		E95A81322A64554300242FCE /* FirebaseAnalyticsSwift in Frameworks */ = {isa = PBXBuildFile; productRef = E95A81312A64554300242FCE /* FirebaseAnalyticsSwift */; };
		E95A81342A64554300242FCE /* FirebaseDatabase in Frameworks */ = {isa = PBXBuildFile; productRef = E95A81332A64554300242FCE /* FirebaseDatabase */; };
		E95A81362A64554300242FCE /* FirebaseDatabaseSwift in Frameworks */ = {isa = PBXBuildFile; productRef = E95A81352A64554300242FCE /* FirebaseDatabaseSwift */; };
/* End PBXBuildFile section */

/* Begin PBXContainerItemProxy section */
		E95A81102A6452A900242FCE /* PBXContainerItemProxy */ = {
			isa = PBXContainerItemProxy;
			containerPortal = E95A80F72A6452A500242FCE /* Project object */;
			proxyType = 1;
			remoteGlobalIDString = E95A80FE2A6452A500242FCE;
			remoteInfo = books;
		};
		E95A811A2A6452A900242FCE /* PBXContainerItemProxy */ = {
			isa = PBXContainerItemProxy;
			containerPortal = E95A80F72A6452A500242FCE /* Project object */;
			proxyType = 1;
			remoteGlobalIDString = E95A80FE2A6452A500242FCE;
			remoteInfo = books;
		};
/* End PBXContainerItemProxy section */

/* Begin PBXFileReference section */
		E95A80FF2A6452A500242FCE /* books.app */ = {isa = PBXFileReference; explicitFileType = wrapper.application; includeInIndex = 0; path = books.app; sourceTree = BUILT_PRODUCTS_DIR; };
		E95A81022A6452A500242FCE /* booksApp.swift */ = {isa = PBXFileReference; lastKnownFileType = sourcecode.swift; path = booksApp.swift; sourceTree = "<group>"; };
		E95A81042A6452A500242FCE /* ContentView.swift */ = {isa = PBXFileReference; lastKnownFileType = sourcecode.swift; path = ContentView.swift; sourceTree = "<group>"; };
		E95A81062A6452A900242FCE /* Assets.xcassets */ = {isa = PBXFileReference; lastKnownFileType = folder.assetcatalog; path = Assets.xcassets; sourceTree = "<group>"; };
		E95A81092A6452A900242FCE /* Preview Assets.xcassets */ = {isa = PBXFileReference; lastKnownFileType = folder.assetcatalog; path = "Preview Assets.xcassets"; sourceTree = "<group>"; };
		E95A810F2A6452A900242FCE /* booksTests.xctest */ = {isa = PBXFileReference; explicitFileType = wrapper.cfbundle; includeInIndex = 0; path = booksTests.xctest; sourceTree = BUILT_PRODUCTS_DIR; };
		E95A81132A6452A900242FCE /* booksTests.swift */ = {isa = PBXFileReference; lastKnownFileType = sourcecode.swift; path = booksTests.swift; sourceTree = "<group>"; };
		E95A81192A6452A900242FCE /* booksUITests.xctest */ = {isa = PBXFileReference; explicitFileType = wrapper.cfbundle; includeInIndex = 0; path = booksUITests.xctest; sourceTree = BUILT_PRODUCTS_DIR; };
		E95A811D2A6452A900242FCE /* booksUITests.swift */ = {isa = PBXFileReference; lastKnownFileType = sourcecode.swift; path = booksUITests.swift; sourceTree = "<group>"; };
		E95A811F2A6452A900242FCE /* booksUITestsLaunchTests.swift */ = {isa = PBXFileReference; lastKnownFileType = sourcecode.swift; path = booksUITestsLaunchTests.swift; sourceTree = "<group>"; };
		E95A812C2A6453FB00242FCE /* GoogleService-Info.plist */ = {isa = PBXFileReference; fileEncoding = 4; lastKnownFileType = text.plist.xml; path = "GoogleService-Info.plist"; sourceTree = "<group>"; };
/* End PBXFileReference section */

/* Begin PBXFrameworksBuildPhase section */
		E95A80FC2A6452A500242FCE /* Frameworks */ = {
			isa = PBXFrameworksBuildPhase;
			buildActionMask = 2147483647;
			files = (
				E95A81362A64554300242FCE /* FirebaseDatabaseSwift in Frameworks */,
				E95A81342A64554300242FCE /* FirebaseDatabase in Frameworks */,
				E95A81322A64554300242FCE /* FirebaseAnalyticsSwift in Frameworks */,
				E95A81302A64554300242FCE /* FirebaseAnalytics in Frameworks */,
			);
			runOnlyForDeploymentPostprocessing = 0;
		};
		E95A810C2A6452A900242FCE /* Frameworks */ = {
			isa = PBXFrameworksBuildPhase;
			buildActionMask = 2147483647;
			files = (
			);
			runOnlyForDeploymentPostprocessing = 0;
		};
		E95A81162A6452A900242FCE /* Frameworks */ = {
			isa = PBXFrameworksBuildPhase;
			buildActionMask = 2147483647;
			files = (
			);
			runOnlyForDeploymentPostprocessing = 0;
		};
/* End PBXFrameworksBuildPhase section */

/* Begin PBXGroup section */
		E95A80F62A6452A500242FCE = {
			isa = PBXGroup;
			children = (
				E95A81012A6452A500242FCE /* books */,
				E95A81122A6452A900242FCE /* booksTests */,
				E95A811C2A6452A900242FCE /* booksUITests */,
				E95A81002A6452A500242FCE /* Products */,
			);
			sourceTree = "<group>";
		};
		E95A81002A6452A500242FCE /* Products */ = {
			isa = PBXGroup;
			children = (
				E95A80FF2A6452A500242FCE /* books.app */,
				E95A810F2A6452A900242FCE /* booksTests.xctest */,
				E95A81192A6452A900242FCE /* booksUITests.xctest */,
			);
			name = Products;
			sourceTree = "<group>";
		};
		E95A81012A6452A500242FCE /* books */ = {
			isa = PBXGroup;
			children = (
				E95A81022A6452A500242FCE /* booksApp.swift */,
				E95A81042A6452A500242FCE /* ContentView.swift */,
				E95A812C2A6453FB00242FCE /* GoogleService-Info.plist */,
				E95A81062A6452A900242FCE /* Assets.xcassets */,
				E95A81082A6452A900242FCE /* Preview Content */,
			);
			path = books;
			sourceTree = "<group>";
		};
		E95A81082A6452A900242FCE /* Preview Content */ = {
			isa = PBXGroup;
			children = (
				E95A81092A6452A900242FCE /* Preview Assets.xcassets */,
			);
			path = "Preview Content";
			sourceTree = "<group>";
		};
		E95A81122A6452A900242FCE /* booksTests */ = {
			isa = PBXGroup;
			children = (
				E95A81132A6452A900242FCE /* booksTests.swift */,
			);
			path = booksTests;
			sourceTree = "<group>";
		};
		E95A811C2A6452A900242FCE /* booksUITests */ = {
			isa = PBXGroup;
			children = (
				E95A811D2A6452A900242FCE /* booksUITests.swift */,
				E95A811F2A6452A900242FCE /* booksUITestsLaunchTests.swift */,
			);
			path = booksUITests;
			sourceTree = "<group>";
		};
/* End PBXGroup section */

/* Begin PBXNativeTarget section */
		E95A80FE2A6452A500242FCE /* books */ = {
			isa = PBXNativeTarget;
			buildConfigurationList = E95A81232A6452A900242FCE /* Build configuration list for PBXNativeTarget "books" */;
			buildPhases = (
				E95A80FB2A6452A500242FCE /* Sources */,
				E95A80FC2A6452A500242FCE /* Frameworks */,
				E95A80FD2A6452A500242FCE /* Resources */,
			);
			buildRules = (
			);
			dependencies = (
			);
			name = books;
			packageProductDependencies = (
				E95A812F2A64554300242FCE /* FirebaseAnalytics */,
				E95A81312A64554300242FCE /* FirebaseAnalyticsSwift */,
				E95A81332A64554300242FCE /* FirebaseDatabase */,
				E95A81352A64554300242FCE /* FirebaseDatabaseSwift */,
			);
			productName = books;
			productReference = E95A80FF2A6452A500242FCE /* books.app */;
			productType = "com.apple.product-type.application";
		};
		E95A810E2A6452A900242FCE /* booksTests */ = {
			isa = PBXNativeTarget;
			buildConfigurationList = E95A81262A6452A900242FCE /* Build configuration list for PBXNativeTarget "booksTests" */;
			buildPhases = (
				E95A810B2A6452A900242FCE /* Sources */,
				E95A810C2A6452A900242FCE /* Frameworks */,
				E95A810D2A6452A900242FCE /* Resources */,
			);
			buildRules = (
			);
			dependencies = (
				E95A81112A6452A900242FCE /* PBXTargetDependency */,
			);
			name = booksTests;
			productName = booksTests;
			productReference = E95A810F2A6452A900242FCE /* booksTests.xctest */;
			productType = "com.apple.product-type.bundle.unit-test";
		};
		E95A81182A6452A900242FCE /* booksUITests */ = {
			isa = PBXNativeTarget;
			buildConfigurationList = E95A81292A6452A900242FCE /* Build configuration list for PBXNativeTarget "booksUITests" */;
			buildPhases = (
				E95A81152A6452A900242FCE /* Sources */,
				E95A81162A6452A900242FCE /* Frameworks */,
				E95A81172A6452A900242FCE /* Resources */,
			);
			buildRules = (
			);
			dependencies = (
				E95A811B2A6452A900242FCE /* PBXTargetDependency */,
			);
			name = booksUITests;
			productName = booksUITests;
			productReference = E95A81192A6452A900242FCE /* booksUITests.xctest */;
			productType = "com.apple.product-type.bundle.ui-testing";
		};
/* End PBXNativeTarget section */

/* Begin PBXProject section */
		E95A80F72A6452A500242FCE /* Project object */ = {
			isa = PBXProject;
			attributes = {
				BuildIndependentTargetsInParallel = 1;
				LastSwiftUpdateCheck = 1420;
				LastUpgradeCheck = 1420;
				TargetAttributes = {
					E95A80FE2A6452A500242FCE = {
						CreatedOnToolsVersion = 14.2;
					};
					E95A810E2A6452A900242FCE = {
						CreatedOnToolsVersion = 14.2;
						TestTargetID = E95A80FE2A6452A500242FCE;
					};
					E95A81182A6452A900242FCE = {
						CreatedOnToolsVersion = 14.2;
						TestTargetID = E95A80FE2A6452A500242FCE;
					};
				};
			};
			buildConfigurationList = E95A80FA2A6452A500242FCE /* Build configuration list for PBXProject "books" */;
			compatibilityVersion = "Xcode 14.0";
			developmentRegion = en;
			hasScannedForEncodings = 0;
			knownRegions = (
				en,
				Base,
			);
			mainGroup = E95A80F62A6452A500242FCE;
			packageReferences = (
				E95A812E2A64554300242FCE /* XCRemoteSwiftPackageReference "firebase-ios-sdk" */,
			);
			productRefGroup = E95A81002A6452A500242FCE /* Products */;
			projectDirPath = "";
			projectRoot = "";
			targets = (
				E95A80FE2A6452A500242FCE /* books */,
				E95A810E2A6452A900242FCE /* booksTests */,
				E95A81182A6452A900242FCE /* booksUITests */,
			);
		};
/* End PBXProject section */

/* Begin PBXResourcesBuildPhase section */
		E95A80FD2A6452A500242FCE /* Resources */ = {
			isa = PBXResourcesBuildPhase;
			buildActionMask = 2147483647;
			files = (
				E95A810A2A6452A900242FCE /* Preview Assets.xcassets in Resources */,
				E95A81072A6452A900242FCE /* Assets.xcassets in Resources */,
				E95A812D2A6453FB00242FCE /* GoogleService-Info.plist in Resources */,
			);
			runOnlyForDeploymentPostprocessing = 0;
		};
		E95A810D2A6452A900242FCE /* Resources */ = {
			isa = PBXResourcesBuildPhase;
			buildActionMask = 2147483647;
			files = (
			);
			runOnlyForDeploymentPostprocessing = 0;
		};
		E95A81172A6452A900242FCE /* Resources */ = {
			isa = PBXResourcesBuildPhase;
			buildActionMask = 2147483647;
			files = (
			);
			runOnlyForDeploymentPostprocessing = 0;
		};
/* End PBXResourcesBuildPhase section */

/* Begin PBXSourcesBuildPhase section */
		E95A80FB2A6452A500242FCE /* Sources */ = {
			isa = PBXSourcesBuildPhase;
			buildActionMask = 2147483647;
			files = (
				E95A81052A6452A500242FCE /* ContentView.swift in Sources */,
				E95A81032A6452A500242FCE /* booksApp.swift in Sources */,
			);
			runOnlyForDeploymentPostprocessing = 0;
		};
		E95A810B2A6452A900242FCE /* Sources */ = {
			isa = PBXSourcesBuildPhase;
			buildActionMask = 2147483647;
			files = (
				E95A81142A6452A900242FCE /* booksTests.swift in Sources */,
			);
			runOnlyForDeploymentPostprocessing = 0;
		};
		E95A81152A6452A900242FCE /* Sources */ = {
			isa = PBXSourcesBuildPhase;
			buildActionMask = 2147483647;
			files = (
				E95A811E2A6452A900242FCE /* booksUITests.swift in Sources */,
				E95A81202A6452A900242FCE /* booksUITestsLaunchTests.swift in Sources */,
			);
			runOnlyForDeploymentPostprocessing = 0;
		};
/* End PBXSourcesBuildPhase section */

/* Begin PBXTargetDependency section */
		E95A81112A6452A900242FCE /* PBXTargetDependency */ = {
			isa = PBXTargetDependency;
			target = E95A80FE2A6452A500242FCE /* books */;
			targetProxy = E95A81102A6452A900242FCE /* PBXContainerItemProxy */;
		};
		E95A811B2A6452A900242FCE /* PBXTargetDependency */ = {
			isa = PBXTargetDependency;
			target = E95A80FE2A6452A500242FCE /* books */;
			targetProxy = E95A811A2A6452A900242FCE /* PBXContainerItemProxy */;
		};
/* End PBXTargetDependency section */

/* Begin XCBuildConfiguration section */
		E95A81212A6452A900242FCE /* Debug */ = {
			isa = XCBuildConfiguration;
			buildSettings = {
				ALWAYS_SEARCH_USER_PATHS = NO;
				CLANG_ANALYZER_NONNULL = YES;
				CLANG_ANALYZER_NUMBER_OBJECT_CONVERSION = YES_AGGRESSIVE;
				CLANG_CXX_LANGUAGE_STANDARD = "gnu++20";
				CLANG_ENABLE_MODULES = YES;
				CLANG_ENABLE_OBJC_ARC = YES;
				CLANG_ENABLE_OBJC_WEAK = YES;
				CLANG_WARN_BLOCK_CAPTURE_AUTORELEASING = YES;
				CLANG_WARN_BOOL_CONVERSION = YES;
				CLANG_WARN_COMMA = YES;
				CLANG_WARN_CONSTANT_CONVERSION = YES;
				CLANG_WARN_DEPRECATED_OBJC_IMPLEMENTATIONS = YES;
				CLANG_WARN_DIRECT_OBJC_ISA_USAGE = YES_ERROR;
				CLANG_WARN_DOCUMENTATION_COMMENTS = YES;
				CLANG_WARN_EMPTY_BODY = YES;
				CLANG_WARN_ENUM_CONVERSION = YES;
				CLANG_WARN_INFINITE_RECURSION = YES;
				CLANG_WARN_INT_CONVERSION = YES;
				CLANG_WARN_NON_LITERAL_NULL_CONVERSION = YES;
				CLANG_WARN_OBJC_IMPLICIT_RETAIN_SELF = YES;
				CLANG_WARN_OBJC_LITERAL_CONVERSION = YES;
				CLANG_WARN_OBJC_ROOT_CLASS = YES_ERROR;
				CLANG_WARN_QUOTED_INCLUDE_IN_FRAMEWORK_HEADER = YES;
				CLANG_WARN_RANGE_LOOP_ANALYSIS = YES;
				CLANG_WARN_STRICT_PROTOTYPES = YES;
				CLANG_WARN_SUSPICIOUS_MOVE = YES;
				CLANG_WARN_UNGUARDED_AVAILABILITY = YES_AGGRESSIVE;
				CLANG_WARN_UNREACHABLE_CODE = YES;
				CLANG_WARN__DUPLICATE_METHOD_MATCH = YES;
				COPY_PHASE_STRIP = NO;
				DEBUG_INFORMATION_FORMAT = dwarf;
				ENABLE_STRICT_OBJC_MSGSEND = YES;
				ENABLE_TESTABILITY = YES;
				GCC_C_LANGUAGE_STANDARD = gnu11;
				GCC_DYNAMIC_NO_PIC = NO;
				GCC_NO_COMMON_BLOCKS = YES;
				GCC_OPTIMIZATION_LEVEL = 0;
				GCC_PREPROCESSOR_DEFINITIONS = (
					"DEBUG=1",
					"$(inherited)",
				);
				GCC_WARN_64_TO_32_BIT_CONVERSION = YES;
				GCC_WARN_ABOUT_RETURN_TYPE = YES_ERROR;
				GCC_WARN_UNDECLARED_SELECTOR = YES;
				GCC_WARN_UNINITIALIZED_AUTOS = YES_AGGRESSIVE;
				GCC_WARN_UNUSED_FUNCTION = YES;
				GCC_WARN_UNUSED_VARIABLE = YES;
				IPHONEOS_DEPLOYMENT_TARGET = 16.2;
				MTL_ENABLE_DEBUG_INFO = INCLUDE_SOURCE;
				MTL_FAST_MATH = YES;
				ONLY_ACTIVE_ARCH = YES;
				SDKROOT = iphoneos;
				SWIFT_ACTIVE_COMPILATION_CONDITIONS = DEBUG;
				SWIFT_OPTIMIZATION_LEVEL = "-Onone";
			};
			name = Debug;
		};
		E95A81222A6452A900242FCE /* Release */ = {
			isa = XCBuildConfiguration;
			buildSettings = {
				ALWAYS_SEARCH_USER_PATHS = NO;
				CLANG_ANALYZER_NONNULL = YES;
				CLANG_ANALYZER_NUMBER_OBJECT_CONVERSION = YES_AGGRESSIVE;
				CLANG_CXX_LANGUAGE_STANDARD = "gnu++20";
				CLANG_ENABLE_MODULES = YES;
				CLANG_ENABLE_OBJC_ARC = YES;
				CLANG_ENABLE_OBJC_WEAK = YES;
				CLANG_WARN_BLOCK_CAPTURE_AUTORELEASING = YES;
				CLANG_WARN_BOOL_CONVERSION = YES;
				CLANG_WARN_COMMA = YES;
				CLANG_WARN_CONSTANT_CONVERSION = YES;
				CLANG_WARN_DEPRECATED_OBJC_IMPLEMENTATIONS = YES;
				CLANG_WARN_DIRECT_OBJC_ISA_USAGE = YES_ERROR;
				CLANG_WARN_DOCUMENTATION_COMMENTS = YES;
				CLANG_WARN_EMPTY_BODY = YES;
				CLANG_WARN_ENUM_CONVERSION = YES;
				CLANG_WARN_INFINITE_RECURSION = YES;
				CLANG_WARN_INT_CONVERSION = YES;
				CLANG_WARN_NON_LITERAL_NULL_CONVERSION = YES;
				CLANG_WARN_OBJC_IMPLICIT_RETAIN_SELF = YES;
				CLANG_WARN_OBJC_LITERAL_CONVERSION = YES;
				CLANG_WARN_OBJC_ROOT_CLASS = YES_ERROR;
				CLANG_WARN_QUOTED_INCLUDE_IN_FRAMEWORK_HEADER = YES;
				CLANG_WARN_RANGE_LOOP_ANALYSIS = YES;
				CLANG_WARN_STRICT_PROTOTYPES = YES;
				CLANG_WARN_SUSPICIOUS_MOVE = YES;
				CLANG_WARN_UNGUARDED_AVAILABILITY = YES_AGGRESSIVE;
				CLANG_WARN_UNREACHABLE_CODE = YES;
				CLANG_WARN__DUPLICATE_METHOD_MATCH = YES;
				COPY_PHASE_STRIP = NO;
				DEBUG_INFORMATION_FORMAT = "dwarf-with-dsym";
				ENABLE_NS_ASSERTIONS = NO;
				ENABLE_STRICT_OBJC_MSGSEND = YES;
				GCC_C_LANGUAGE_STANDARD = gnu11;
				GCC_NO_COMMON_BLOCKS = YES;
				GCC_WARN_64_TO_32_BIT_CONVERSION = YES;
				GCC_WARN_ABOUT_RETURN_TYPE = YES_ERROR;
				GCC_WARN_UNDECLARED_SELECTOR = YES;
				GCC_WARN_UNINITIALIZED_AUTOS = YES_AGGRESSIVE;
				GCC_WARN_UNUSED_FUNCTION = YES;
				GCC_WARN_UNUSED_VARIABLE = YES;
				IPHONEOS_DEPLOYMENT_TARGET = 16.2;
				MTL_ENABLE_DEBUG_INFO = NO;
				MTL_FAST_MATH = YES;
				SDKROOT = iphoneos;
				SWIFT_COMPILATION_MODE = wholemodule;
				SWIFT_OPTIMIZATION_LEVEL = "-O";
				VALIDATE_PRODUCT = YES;
			};
			name = Release;
		};
		E95A81242A6452A900242FCE /* Debug */ = {
			isa = XCBuildConfiguration;
			buildSettings = {
				ASSETCATALOG_COMPILER_APPICON_NAME = AppIcon;
				ASSETCATALOG_COMPILER_GLOBAL_ACCENT_COLOR_NAME = AccentColor;
				CODE_SIGN_STYLE = Automatic;
				CURRENT_PROJECT_VERSION = 1;
				DEVELOPMENT_ASSET_PATHS = "\"books/Preview Content\"";
				DEVELOPMENT_TEAM = G9Z86K3593;
				ENABLE_PREVIEWS = YES;
				GENERATE_INFOPLIST_FILE = YES;
				INFOPLIST_KEY_UIApplicationSceneManifest_Generation = YES;
				INFOPLIST_KEY_UIApplicationSupportsIndirectInputEvents = YES;
				INFOPLIST_KEY_UILaunchScreen_Generation = YES;
				INFOPLIST_KEY_UISupportedInterfaceOrientations_iPad = "UIInterfaceOrientationPortrait UIInterfaceOrientationPortraitUpsideDown UIInterfaceOrientationLandscapeLeft UIInterfaceOrientationLandscapeRight";
				INFOPLIST_KEY_UISupportedInterfaceOrientations_iPhone = "UIInterfaceOrientationPortrait UIInterfaceOrientationLandscapeLeft UIInterfaceOrientationLandscapeRight";
				LD_RUNPATH_SEARCH_PATHS = (
					"$(inherited)",
					"@executable_path/Frameworks",
				);
				MARKETING_VERSION = 1.0;
				PRODUCT_BUNDLE_IDENTIFIER = "Syed-Raza.books";
				PRODUCT_NAME = "$(TARGET_NAME)";
				SWIFT_EMIT_LOC_STRINGS = YES;
				SWIFT_VERSION = 5.0;
				TARGETED_DEVICE_FAMILY = "1,2";
			};
			name = Debug;
		};
		E95A81252A6452A900242FCE /* Release */ = {
			isa = XCBuildConfiguration;
			buildSettings = {
				ASSETCATALOG_COMPILER_APPICON_NAME = AppIcon;
				ASSETCATALOG_COMPILER_GLOBAL_ACCENT_COLOR_NAME = AccentColor;
				CODE_SIGN_STYLE = Automatic;
				CURRENT_PROJECT_VERSION = 1;
				DEVELOPMENT_ASSET_PATHS = "\"books/Preview Content\"";
				DEVELOPMENT_TEAM = G9Z86K3593;
				ENABLE_PREVIEWS = YES;
				GENERATE_INFOPLIST_FILE = YES;
				INFOPLIST_KEY_UIApplicationSceneManifest_Generation = YES;
				INFOPLIST_KEY_UIApplicationSupportsIndirectInputEvents = YES;
				INFOPLIST_KEY_UILaunchScreen_Generation = YES;
				INFOPLIST_KEY_UISupportedInterfaceOrientations_iPad = "UIInterfaceOrientationPortrait UIInterfaceOrientationPortraitUpsideDown UIInterfaceOrientationLandscapeLeft UIInterfaceOrientationLandscapeRight";
				INFOPLIST_KEY_UISupportedInterfaceOrientations_iPhone = "UIInterfaceOrientationPortrait UIInterfaceOrientationLandscapeLeft UIInterfaceOrientationLandscapeRight";
				LD_RUNPATH_SEARCH_PATHS = (
					"$(inherited)",
					"@executable_path/Frameworks",
				);
				MARKETING_VERSION = 1.0;
				PRODUCT_BUNDLE_IDENTIFIER = "Syed-Raza.books";
				PRODUCT_NAME = "$(TARGET_NAME)";
				SWIFT_EMIT_LOC_STRINGS = YES;
				SWIFT_VERSION = 5.0;
				TARGETED_DEVICE_FAMILY = "1,2";
			};
			name = Release;
		};
		E95A81272A6452A900242FCE /* Debug */ = {
			isa = XCBuildConfiguration;
			buildSettings = {
				ALWAYS_EMBED_SWIFT_STANDARD_LIBRARIES = YES;
				BUNDLE_LOADER = "$(TEST_HOST)";
				CODE_SIGN_STYLE = Automatic;
				CURRENT_PROJECT_VERSION = 1;
				DEVELOPMENT_TEAM = G9Z86K3593;
				GENERATE_INFOPLIST_FILE = YES;
				IPHONEOS_DEPLOYMENT_TARGET = 16.2;
				MARKETING_VERSION = 1.0;
				PRODUCT_BUNDLE_IDENTIFIER = "Syed-Raza.booksTests";
				PRODUCT_NAME = "$(TARGET_NAME)";
				SWIFT_EMIT_LOC_STRINGS = NO;
				SWIFT_VERSION = 5.0;
				TARGETED_DEVICE_FAMILY = "1,2";
				TEST_HOST = "$(BUILT_PRODUCTS_DIR)/books.app/$(BUNDLE_EXECUTABLE_FOLDER_PATH)/books";
			};
			name = Debug;
		};
		E95A81282A6452A900242FCE /* Release */ = {
			isa = XCBuildConfiguration;
			buildSettings = {
				ALWAYS_EMBED_SWIFT_STANDARD_LIBRARIES = YES;
				BUNDLE_LOADER = "$(TEST_HOST)";
				CODE_SIGN_STYLE = Automatic;
				CURRENT_PROJECT_VERSION = 1;
				DEVELOPMENT_TEAM = G9Z86K3593;
				GENERATE_INFOPLIST_FILE = YES;
				IPHONEOS_DEPLOYMENT_TARGET = 16.2;
				MARKETING_VERSION = 1.0;
				PRODUCT_BUNDLE_IDENTIFIER = "Syed-Raza.booksTests";
				PRODUCT_NAME = "$(TARGET_NAME)";
				SWIFT_EMIT_LOC_STRINGS = NO;
				SWIFT_VERSION = 5.0;
				TARGETED_DEVICE_FAMILY = "1,2";
				TEST_HOST = "$(BUILT_PRODUCTS_DIR)/books.app/$(BUNDLE_EXECUTABLE_FOLDER_PATH)/books";
			};
			name = Release;
		};
		E95A812A2A6452A900242FCE /* Debug */ = {
			isa = XCBuildConfiguration;
			buildSettings = {
				ALWAYS_EMBED_SWIFT_STANDARD_LIBRARIES = YES;
				CODE_SIGN_STYLE = Automatic;
				CURRENT_PROJECT_VERSION = 1;
				DEVELOPMENT_TEAM = G9Z86K3593;
				GENERATE_INFOPLIST_FILE = YES;
				MARKETING_VERSION = 1.0;
				PRODUCT_BUNDLE_IDENTIFIER = "Syed-Raza.booksUITests";
				PRODUCT_NAME = "$(TARGET_NAME)";
				SWIFT_EMIT_LOC_STRINGS = NO;
				SWIFT_VERSION = 5.0;
				TARGETED_DEVICE_FAMILY = "1,2";
				TEST_TARGET_NAME = books;
			};
			name = Debug;
		};
		E95A812B2A6452A900242FCE /* Release */ = {
			isa = XCBuildConfiguration;
			buildSettings = {
				ALWAYS_EMBED_SWIFT_STANDARD_LIBRARIES = YES;
				CODE_SIGN_STYLE = Automatic;
				CURRENT_PROJECT_VERSION = 1;
				DEVELOPMENT_TEAM = G9Z86K3593;
				GENERATE_INFOPLIST_FILE = YES;
				MARKETING_VERSION = 1.0;
				PRODUCT_BUNDLE_IDENTIFIER = "Syed-Raza.booksUITests";
				PRODUCT_NAME = "$(TARGET_NAME)";
				SWIFT_EMIT_LOC_STRINGS = NO;
				SWIFT_VERSION = 5.0;
				TARGETED_DEVICE_FAMILY = "1,2";
				TEST_TARGET_NAME = books;
			};
			name = Release;
		};
/* End XCBuildConfiguration section */

/* Begin XCConfigurationList section */
		E95A80FA2A6452A500242FCE /* Build configuration list for PBXProject "books" */ = {
			isa = XCConfigurationList;
			buildConfigurations = (
				E95A81212A6452A900242FCE /* Debug */,
				E95A81222A6452A900242FCE /* Release */,
			);
			defaultConfigurationIsVisible = 0;
			defaultConfigurationName = Release;
		};
		E95A81232A6452A900242FCE /* Build configuration list for PBXNativeTarget "books" */ = {
			isa = XCConfigurationList;
			buildConfigurations = (
				E95A81242A6452A900242FCE /* Debug */,
				E95A81252A6452A900242FCE /* Release */,
			);
			defaultConfigurationIsVisible = 0;
			defaultConfigurationName = Release;
		};
		E95A81262A6452A900242FCE /* Build configuration list for PBXNativeTarget "booksTests" */ = {
			isa = XCConfigurationList;
			buildConfigurations = (
				E95A81272A6452A900242FCE /* Debug */,
				E95A81282A6452A900242FCE /* Release */,
			);
			defaultConfigurationIsVisible = 0;
			defaultConfigurationName = Release;
		};
		E95A81292A6452A900242FCE /* Build configuration list for PBXNativeTarget "booksUITests" */ = {
			isa = XCConfigurationList;
			buildConfigurations = (
				E95A812A2A6452A900242FCE /* Debug */,
				E95A812B2A6452A900242FCE /* Release */,
			);
			defaultConfigurationIsVisible = 0;
			defaultConfigurationName = Release;
		};
/* End XCConfigurationList section */

/* Begin XCRemoteSwiftPackageReference section */
		E95A812E2A64554300242FCE /* XCRemoteSwiftPackageReference "firebase-ios-sdk" */ = {
			isa = XCRemoteSwiftPackageReference;
			repositoryURL = "https://github.com/firebase/firebase-ios-sdk";
			requirement = {
				kind = exactVersion;
				version = 10.12.0;
			};
		};
/* End XCRemoteSwiftPackageReference section */

/* Begin XCSwiftPackageProductDependency section */
		E95A812F2A64554300242FCE /* FirebaseAnalytics */ = {
			isa = XCSwiftPackageProductDependency;
			package = E95A812E2A64554300242FCE /* XCRemoteSwiftPackageReference "firebase-ios-sdk" */;
			productName = FirebaseAnalytics;
		};
		E95A81312A64554300242FCE /* FirebaseAnalyticsSwift */ = {
			isa = XCSwiftPackageProductDependency;
			package = E95A812E2A64554300242FCE /* XCRemoteSwiftPackageReference "firebase-ios-sdk" */;
			productName = FirebaseAnalyticsSwift;
		};
		E95A81332A64554300242FCE /* FirebaseDatabase */ = {
			isa = XCSwiftPackageProductDependency;
			package = E95A812E2A64554300242FCE /* XCRemoteSwiftPackageReference "firebase-ios-sdk" */;
			productName = FirebaseDatabase;
		};
		E95A81352A64554300242FCE /* FirebaseDatabaseSwift */ = {
			isa = XCSwiftPackageProductDependency;
			package = E95A812E2A64554300242FCE /* XCRemoteSwiftPackageReference "firebase-ios-sdk" */;
			productName = FirebaseDatabaseSwift;
		};
/* End XCSwiftPackageProductDependency section */
	};
	rootObject = E95A80F72A6452A500242FCE /* Project object */;
}
